
Microsoft Visual Studio Solution File, Format Version 12.00
# Visual Studio Version 17
VisualStudioVersion = 17.9.34723.18
MinimumVisualStudioVersion = 10.0.40219.1
Project("{FAE04EC0-301F-11D3-BF4B-00C04F79EFBC}") = "Sora.PerformanceMaskLog", "Sora.PerformanceMaskLog\Sora.PerformanceMaskLog.csproj", "{2B7E002D-60EE-454A-9008-A3B1F707C50C}"
EndProject
Global
	GlobalSection(SolutionConfigurationPlatforms) = preSolution
		Debug|Any CPU = Debug|Any CPU
		Release|Any CPU = Release|Any CPU
	EndGlobalSection
	GlobalSection(ProjectConfigurationPlatforms) = postSolution
		{2B7E002D-60EE-454A-9008-A3B1F707C50C}.Debug|Any CPU.ActiveCfg = Debug|Any CPU
		{2B7E002D-60EE-454A-9008-A3B1F707C50C}.Debug|Any CPU.Build.0 = Debug|Any CPU
		{2B7E002D-60EE-454A-9008-A3B1F707C50C}.Release|Any CPU.ActiveCfg = Release|Any CPU
		{2B7E002D-60EE-454A-9008-A3B1F707C50C}.Release|Any CPU.Build.0 = Release|Any CPU
	EndGlobalSection
	GlobalSection(SolutionProperties) = preSolution
		HideSolutionNode = FALSE
	EndGlobalSection
	GlobalSection(ExtensibilityGlobals) = postSolution
		SolutionGuid = {29383686-3D44-4315-AD7A-7B7E10298C37}
	EndGlobalSection
EndGlobal
